
Microsoft Visual Studio Solution File, Format Version 12.00
# Visual Studio 15
VisualStudioVersion = 15.0.27130.2020
MinimumVisualStudioVersion = 10.0.40219.1
Project("{FAE04EC0-301F-11D3-BF4B-00C04F79EFBC}") = "GetRepoCmdlet", "GetRepoCmdlet\GetRepoCmdlet.csproj", "{CFAA6842-60CF-48B3-86E7-76677E646335}"
EndProject
Global
	GlobalSection(SolutionConfigurationPlatforms) = preSolution
		Debug|Any CPU = Debug|Any CPU
		Release|Any CPU = Release|Any CPU
	EndGlobalSection
	GlobalSection(ProjectConfigurationPlatforms) = postSolution
		{CFAA6842-60CF-48B3-86E7-76677E646335}.Debug|Any CPU.ActiveCfg = Debug|Any CPU
		{CFAA6842-60CF-48B3-86E7-76677E646335}.Debug|Any CPU.Build.0 = Debug|Any CPU
		{CFAA6842-60CF-48B3-86E7-76677E646335}.Release|Any CPU.ActiveCfg = Release|Any CPU
		{CFAA6842-60CF-48B3-86E7-76677E646335}.Release|Any CPU.Build.0 = Release|Any CPU
	EndGlobalSection
	GlobalSection(SolutionProperties) = preSolution
		HideSolutionNode = FALSE
	EndGlobalSection
	GlobalSection(ExtensibilityGlobals) = postSolution
		SolutionGuid = {0EBC684C-31CA-4CDB-900C-7C306419785A}
	EndGlobalSection
EndGlobal
